{
  "name": "OpenSesame",
  "lockfileVersion": 3,
  "requires": true,
  "packages": {
    "": {
      "dependencies": {
        "next-nprogress-bar": "^2.4.7"
      }
    },
    "node_modules/next-nprogress-bar": {
      "version": "2.4.7",
      "resolved": "https://registry.npmjs.org/next-nprogress-bar/-/next-nprogress-bar-2.4.7.tgz",
      "integrity": "sha512-OeveNQYFBhQhZ+RgrDnvHNUEQfHCmipymmD4AfAVE9pFV4jeWi7/nNK5f0lIk7ODRrtjyyr/n2YpkRbs5kUoMg==",
      "license": "MIT",
      "dependencies": {
        "nprogress-v2": "^1.0.4"
      }
    },
    "node_modules/nprogress-v2": {
      "version": "1.1.10",
      "resolved": "https://registry.npmjs.org/nprogress-v2/-/nprogress-v2-1.1.10.tgz",
      "integrity": "sha512-MypWLNIPIM07SS0bAc/oac0vhVFz9vAHm7d1sj//Pnf3J03LQ3CuWrlDteIu6exq0fIvkDJ6tUDRWLaifsIt5w==",
      "license": "MIT"
    }
  }
}
